// !$*UTF8*$!
{
	archiveVersion = 1;
	classes = {
	};
	objectVersion = 48;
	objects = {

/* Begin PBXBuildFile section */
		040CD6BE208308C2005F80BC /* HHRunLoopViewController.m in Sources */ = {isa = PBXBuildFile; fileRef = 040CD6BD208308C2005F80BC /* HHRunLoopViewController.m */; };
		043A0DEB207C410D0022115A /* AppDelegate.m in Sources */ = {isa = PBXBuildFile; fileRef = 043A0DEA207C410D0022115A /* AppDelegate.m */; };
		043A0DF1207C410D0022115A /* Main.storyboard in Resources */ = {isa = PBXBuildFile; fileRef = 043A0DEF207C410D0022115A /* Main.storyboard */; };
		043A0DF3207C410D0022115A /* Assets.xcassets in Resources */ = {isa = PBXBuildFile; fileRef = 043A0DF2207C410D0022115A /* Assets.xcassets */; };
		043A0DF6207C410D0022115A /* LaunchScreen.storyboard in Resources */ = {isa = PBXBuildFile; fileRef = 043A0DF4207C410D0022115A /* LaunchScreen.storyboard */; };
		043A0DF9207C410E0022115A /* main.m in Sources */ = {isa = PBXBuildFile; fileRef = 043A0DF8207C410E0022115A /* main.m */; };
		043A0E03207C410E0022115A /* HH_ThreadTests.m in Sources */ = {isa = PBXBuildFile; fileRef = 043A0E02207C410E0022115A /* HH_ThreadTests.m */; };
		043A0E0E207C410E0022115A /* HH_ThreadUITests.m in Sources */ = {isa = PBXBuildFile; fileRef = 043A0E0D207C410E0022115A /* HH_ThreadUITests.m */; };
		043A0E1E207C42E80022115A /* HHRootViewController.m in Sources */ = {isa = PBXBuildFile; fileRef = 043A0E1D207C42E80022115A /* HHRootViewController.m */; };
		043A0E21207C433C0022115A /* HHBaseViewController.m in Sources */ = {isa = PBXBuildFile; fileRef = 043A0E20207C433C0022115A /* HHBaseViewController.m */; };
		043A0E24207C45C10022115A /* HHAtomicViewController.m in Sources */ = {isa = PBXBuildFile; fileRef = 043A0E23207C45C10022115A /* HHAtomicViewController.m */; };
		043A0E4A207C6A840022115A /* HHThreadViewController.m in Sources */ = {isa = PBXBuildFile; fileRef = 043A0E49207C6A840022115A /* HHThreadViewController.m */; };
		046C35F320819A2E00906832 /* HHGCDViewController.m in Sources */ = {isa = PBXBuildFile; fileRef = 046C35F220819A2E00906832 /* HHGCDViewController.m */; };
/* End PBXBuildFile section */

/* Begin PBXContainerItemProxy section */
		043A0DFF207C410E0022115A /* PBXContainerItemProxy */ = {
			isa = PBXContainerItemProxy;
			containerPortal = 043A0DDE207C410D0022115A /* Project object */;
			proxyType = 1;
			remoteGlobalIDString = 043A0DE5207C410D0022115A;
			remoteInfo = "HH-Thread";
		};
		043A0E0A207C410E0022115A /* PBXContainerItemProxy */ = {
			isa = PBXContainerItemProxy;
			containerPortal = 043A0DDE207C410D0022115A /* Project object */;
			proxyType = 1;
			remoteGlobalIDString = 043A0DE5207C410D0022115A;
			remoteInfo = "HH-Thread";
		};
/* End PBXContainerItemProxy section */

/* Begin PBXFileReference section */
		040CD6BC208308C2005F80BC /* HHRunLoopViewController.h */ = {isa = PBXFileReference; lastKnownFileType = sourcecode.c.h; path = HHRunLoopViewController.h; sourceTree = "<group>"; };
		040CD6BD208308C2005F80BC /* HHRunLoopViewController.m */ = {isa = PBXFileReference; lastKnownFileType = sourcecode.c.objc; path = HHRunLoopViewController.m; sourceTree = "<group>"; };
		043A0DE6207C410D0022115A /* HH-Thread.app */ = {isa = PBXFileReference; explicitFileType = wrapper.application; includeInIndex = 0; path = "HH-Thread.app"; sourceTree = BUILT_PRODUCTS_DIR; };
		043A0DE9207C410D0022115A /* AppDelegate.h */ = {isa = PBXFileReference; lastKnownFileType = sourcecode.c.h; path = AppDelegate.h; sourceTree = "<group>"; };
		043A0DEA207C410D0022115A /* AppDelegate.m */ = {isa = PBXFileReference; lastKnownFileType = sourcecode.c.objc; path = AppDelegate.m; sourceTree = "<group>"; };
		043A0DF0207C410D0022115A /* Base */ = {isa = PBXFileReference; lastKnownFileType = file.storyboard; name = Base; path = Base.lproj/Main.storyboard; sourceTree = "<group>"; };
		043A0DF2207C410D0022115A /* Assets.xcassets */ = {isa = PBXFileReference; lastKnownFileType = folder.assetcatalog; path = Assets.xcassets; sourceTree = "<group>"; };
		043A0DF5207C410D0022115A /* Base */ = {isa = PBXFileReference; lastKnownFileType = file.storyboard; name = Base; path = Base.lproj/LaunchScreen.storyboard; sourceTree = "<group>"; };
		043A0DF7207C410E0022115A /* Info.plist */ = {isa = PBXFileReference; lastKnownFileType = text.plist.xml; path = Info.plist; sourceTree = "<group>"; };
		043A0DF8207C410E0022115A /* main.m */ = {isa = PBXFileReference; lastKnownFileType = sourcecode.c.objc; path = main.m; sourceTree = "<group>"; };
		043A0DFE207C410E0022115A /* HH-ThreadTests.xctest */ = {isa = PBXFileReference; explicitFileType = wrapper.cfbundle; includeInIndex = 0; path = "HH-ThreadTests.xctest"; sourceTree = BUILT_PRODUCTS_DIR; };
		043A0E02207C410E0022115A /* HH_ThreadTests.m */ = {isa = PBXFileReference; lastKnownFileType = sourcecode.c.objc; path = HH_ThreadTests.m; sourceTree = "<group>"; };
		043A0E04207C410E0022115A /* Info.plist */ = {isa = PBXFileReference; lastKnownFileType = text.plist.xml; path = Info.plist; sourceTree = "<group>"; };
		043A0E09207C410E0022115A /* HH-ThreadUITests.xctest */ = {isa = PBXFileReference; explicitFileType = wrapper.cfbundle; includeInIndex = 0; path = "HH-ThreadUITests.xctest"; sourceTree = BUILT_PRODUCTS_DIR; };
		043A0E0D207C410E0022115A /* HH_ThreadUITests.m */ = {isa = PBXFileReference; lastKnownFileType = sourcecode.c.objc; path = HH_ThreadUITests.m; sourceTree = "<group>"; };
		043A0E0F207C410E0022115A /* Info.plist */ = {isa = PBXFileReference; lastKnownFileType = text.plist.xml; path = Info.plist; sourceTree = "<group>"; };
		043A0E1C207C42E80022115A /* HHRootViewController.h */ = {isa = PBXFileReference; lastKnownFileType = sourcecode.c.h; path = HHRootViewController.h; sourceTree = "<group>"; };
		043A0E1D207C42E80022115A /* HHRootViewController.m */ = {isa = PBXFileReference; lastKnownFileType = sourcecode.c.objc; path = HHRootViewController.m; sourceTree = "<group>"; };
		043A0E1F207C433C0022115A /* HHBaseViewController.h */ = {isa = PBXFileReference; lastKnownFileType = sourcecode.c.h; path = HHBaseViewController.h; sourceTree = "<group>"; };
		043A0E20207C433C0022115A /* HHBaseViewController.m */ = {isa = PBXFileReference; lastKnownFileType = sourcecode.c.objc; path = HHBaseViewController.m; sourceTree = "<group>"; };
		043A0E22207C45C10022115A /* HHAtomicViewController.h */ = {isa = PBXFileReference; lastKnownFileType = sourcecode.c.h; path = HHAtomicViewController.h; sourceTree = "<group>"; };
		043A0E23207C45C10022115A /* HHAtomicViewController.m */ = {isa = PBXFileReference; lastKnownFileType = sourcecode.c.objc; path = HHAtomicViewController.m; sourceTree = "<group>"; };
		043A0E48207C6A840022115A /* HHThreadViewController.h */ = {isa = PBXFileReference; lastKnownFileType = sourcecode.c.h; path = HHThreadViewController.h; sourceTree = "<group>"; };
		043A0E49207C6A840022115A /* HHThreadViewController.m */ = {isa = PBXFileReference; lastKnownFileType = sourcecode.c.objc; path = HHThreadViewController.m; sourceTree = "<group>"; };
		046C35F120819A2E00906832 /* HHGCDViewController.h */ = {isa = PBXFileReference; lastKnownFileType = sourcecode.c.h; path = HHGCDViewController.h; sourceTree = "<group>"; };
		046C35F220819A2E00906832 /* HHGCDViewController.m */ = {isa = PBXFileReference; lastKnownFileType = sourcecode.c.objc; path = HHGCDViewController.m; sourceTree = "<group>"; };
/* End PBXFileReference section */

/* Begin PBXFrameworksBuildPhase section */
		043A0DE3207C410D0022115A /* Frameworks */ = {
			isa = PBXFrameworksBuildPhase;
			buildActionMask = 2147483647;
			files = (
			);
			runOnlyForDeploymentPostprocessing = 0;
		};
		043A0DFB207C410E0022115A /* Frameworks */ = {
			isa = PBXFrameworksBuildPhase;
			buildActionMask = 2147483647;
			files = (
			);
			runOnlyForDeploymentPostprocessing = 0;
		};
		043A0E06207C410E0022115A /* Frameworks */ = {
			isa = PBXFrameworksBuildPhase;
			buildActionMask = 2147483647;
			files = (
			);
			runOnlyForDeploymentPostprocessing = 0;
		};
/* End PBXFrameworksBuildPhase section */

/* Begin PBXGroup section */
		043A0DDD207C410D0022115A = {
			isa = PBXGroup;
			children = (
				043A0DE8207C410D0022115A /* HH-Thread */,
				043A0E01207C410E0022115A /* HH-ThreadTests */,
				043A0E0C207C410E0022115A /* HH-ThreadUITests */,
				043A0DE7207C410D0022115A /* Products */,
			);
			sourceTree = "<group>";
		};
		043A0DE7207C410D0022115A /* Products */ = {
			isa = PBXGroup;
			children = (
				043A0DE6207C410D0022115A /* HH-Thread.app */,
				043A0DFE207C410E0022115A /* HH-ThreadTests.xctest */,
				043A0E09207C410E0022115A /* HH-ThreadUITests.xctest */,
			);
			name = Products;
			sourceTree = "<group>";
		};
		043A0DE8207C410D0022115A /* HH-Thread */ = {
			isa = PBXGroup;
			children = (
				043A0DE9207C410D0022115A /* AppDelegate.h */,
				043A0DEA207C410D0022115A /* AppDelegate.m */,
				043A0E1C207C42E80022115A /* HHRootViewController.h */,
				043A0E1D207C42E80022115A /* HHRootViewController.m */,
				043A0E48207C6A840022115A /* HHThreadViewController.h */,
				043A0E49207C6A840022115A /* HHThreadViewController.m */,
				043A0E22207C45C10022115A /* HHAtomicViewController.h */,
				043A0E23207C45C10022115A /* HHAtomicViewController.m */,
				046C35F120819A2E00906832 /* HHGCDViewController.h */,
				046C35F220819A2E00906832 /* HHGCDViewController.m */,
				040CD6BC208308C2005F80BC /* HHRunLoopViewController.h */,
				040CD6BD208308C2005F80BC /* HHRunLoopViewController.m */,
				043A0E1B207C41300022115A /* Others */,
			);
			path = "HH-Thread";
			sourceTree = "<group>";
		};
		043A0E01207C410E0022115A /* HH-ThreadTests */ = {
			isa = PBXGroup;
			children = (
				043A0E02207C410E0022115A /* HH_ThreadTests.m */,
				043A0E04207C410E0022115A /* Info.plist */,
			);
			path = "HH-ThreadTests";
			sourceTree = "<group>";
		};
		043A0E0C207C410E0022115A /* HH-ThreadUITests */ = {
			isa = PBXGroup;
			children = (
				043A0E0D207C410E0022115A /* HH_ThreadUITests.m */,
				043A0E0F207C410E0022115A /* Info.plist */,
			);
			path = "HH-ThreadUITests";
			sourceTree = "<group>";
		};
		043A0E1B207C41300022115A /* Others */ = {
			isa = PBXGroup;
			children = (
				043A0DF8207C410E0022115A /* main.m */,
				043A0DEF207C410D0022115A /* Main.storyboard */,
				043A0DF2207C410D0022115A /* Assets.xcassets */,
				043A0DF4207C410D0022115A /* LaunchScreen.storyboard */,
				043A0DF7207C410E0022115A /* Info.plist */,
				043A0E1F207C433C0022115A /* HHBaseViewController.h */,
				043A0E20207C433C0022115A /* HHBaseViewController.m */,
			);
			name = Others;
			sourceTree = "<group>";
		};
/* End PBXGroup section */

/* Begin PBXNativeTarget section */
		043A0DE5207C410D0022115A /* HH-Thread */ = {
			isa = PBXNativeTarget;
			buildConfigurationList = 043A0E12207C410E0022115A /* Build configuration list for PBXNativeTarget "HH-Thread" */;
			buildPhases = (
				043A0DE2207C410D0022115A /* Sources */,
				043A0DE3207C410D0022115A /* Frameworks */,
				043A0DE4207C410D0022115A /* Resources */,
			);
			buildRules = (
			);
			dependencies = (
			);
			name = "HH-Thread";
			productName = "HH-Thread";
			productReference = 043A0DE6207C410D0022115A /* HH-Thread.app */;
			productType = "com.apple.product-type.application";
		};
		043A0DFD207C410E0022115A /* HH-ThreadTests */ = {
			isa = PBXNativeTarget;
			buildConfigurationList = 043A0E15207C410E0022115A /* Build configuration list for PBXNativeTarget "HH-ThreadTests" */;
			buildPhases = (
				043A0DFA207C410E0022115A /* Sources */,
				043A0DFB207C410E0022115A /* Frameworks */,
				043A0DFC207C410E0022115A /* Resources */,
			);
			buildRules = (
			);
			dependencies = (
				043A0E00207C410E0022115A /* PBXTargetDependency */,
			);
			name = "HH-ThreadTests";
			productName = "HH-ThreadTests";
			productReference = 043A0DFE207C410E0022115A /* HH-ThreadTests.xctest */;
			productType = "com.apple.product-type.bundle.unit-test";
		};
		043A0E08207C410E0022115A /* HH-ThreadUITests */ = {
			isa = PBXNativeTarget;
			buildConfigurationList = 043A0E18207C410E0022115A /* Build configuration list for PBXNativeTarget "HH-ThreadUITests" */;
			buildPhases = (
				043A0E05207C410E0022115A /* Sources */,
				043A0E06207C410E0022115A /* Frameworks */,
				043A0E07207C410E0022115A /* Resources */,
			);
			buildRules = (
			);
			dependencies = (
				043A0E0B207C410E0022115A /* PBXTargetDependency */,
			);
			name = "HH-ThreadUITests";
			productName = "HH-ThreadUITests";
			productReference = 043A0E09207C410E0022115A /* HH-ThreadUITests.xctest */;
			productType = "com.apple.product-type.bundle.ui-testing";
		};
/* End PBXNativeTarget section */

/* Begin PBXProject section */
		043A0DDE207C410D0022115A /* Project object */ = {
			isa = PBXProject;
			attributes = {
				CLASSPREFIX = HH;
				LastUpgradeCheck = 0920;
				ORGANIZATIONNAME = Mac;
				TargetAttributes = {
					043A0DE5207C410D0022115A = {
						CreatedOnToolsVersion = 9.2;
						ProvisioningStyle = Automatic;
					};
					043A0DFD207C410E0022115A = {
						CreatedOnToolsVersion = 9.2;
						ProvisioningStyle = Automatic;
						TestTargetID = 043A0DE5207C410D0022115A;
					};
					043A0E08207C410E0022115A = {
						CreatedOnToolsVersion = 9.2;
						ProvisioningStyle = Automatic;
						TestTargetID = 043A0DE5207C410D0022115A;
					};
				};
			};
			buildConfigurationList = 043A0DE1207C410D0022115A /* Build configuration list for PBXProject "HH-Thread" */;
			compatibilityVersion = "Xcode 8.0";
			developmentRegion = en;
			hasScannedForEncodings = 0;
			knownRegions = (
				en,
				Base,
			);
			mainGroup = 043A0DDD207C410D0022115A;
			productRefGroup = 043A0DE7207C410D0022115A /* Products */;
			projectDirPath = "";
			projectRoot = "";
			targets = (
				043A0DE5207C410D0022115A /* HH-Thread */,
				043A0DFD207C410E0022115A /* HH-ThreadTests */,
				043A0E08207C410E0022115A /* HH-ThreadUITests */,
			);
		};
/* End PBXProject section */

/* Begin PBXResourcesBuildPhase section */
		043A0DE4207C410D0022115A /* Resources */ = {
			isa = PBXResourcesBuildPhase;
			buildActionMask = 2147483647;
			files = (
				043A0DF6207C410D0022115A /* LaunchScreen.storyboard in Resources */,
				043A0DF3207C410D0022115A /* Assets.xcassets in Resources */,
				043A0DF1207C410D0022115A /* Main.storyboard in Resources */,
			);
			runOnlyForDeploymentPostprocessing = 0;
		};
		043A0DFC207C410E0022115A /* Resources */ = {
			isa = PBXResourcesBuildPhase;
			buildActionMask = 2147483647;
			files = (
			);
			runOnlyForDeploymentPostprocessing = 0;
		};
		043A0E07207C410E0022115A /* Resources */ = {
			isa = PBXResourcesBuildPhase;
			buildActionMask = 2147483647;
			files = (
			);
			runOnlyForDeploymentPostprocessing = 0;
		};
/* End PBXResourcesBuildPhase section */

/* Begin PBXSourcesBuildPhase section */
		043A0DE2207C410D0022115A /* Sources */ = {
			isa = PBXSourcesBuildPhase;
			buildActionMask = 2147483647;
			files = (
				046C35F320819A2E00906832 /* HHGCDViewController.m in Sources */,
				043A0E1E207C42E80022115A /* HHRootViewController.m in Sources */,
				040CD6BE208308C2005F80BC /* HHRunLoopViewController.m in Sources */,
				043A0DF9207C410E0022115A /* main.m in Sources */,
				043A0DEB207C410D0022115A /* AppDelegate.m in Sources */,
				043A0E21207C433C0022115A /* HHBaseViewController.m in Sources */,
				043A0E4A207C6A840022115A /* HHThreadViewController.m in Sources */,
				043A0E24207C45C10022115A /* HHAtomicViewController.m in Sources */,
			);
			runOnlyForDeploymentPostprocessing = 0;
		};
		043A0DFA207C410E0022115A /* Sources */ = {
			isa = PBXSourcesBuildPhase;
			buildActionMask = 2147483647;
			files = (
				043A0E03207C410E0022115A /* HH_ThreadTests.m in Sources */,
			);
			runOnlyForDeploymentPostprocessing = 0;
		};
		043A0E05207C410E0022115A /* Sources */ = {
			isa = PBXSourcesBuildPhase;
			buildActionMask = 2147483647;
			files = (
				043A0E0E207C410E0022115A /* HH_ThreadUITests.m in Sources */,
			);
			runOnlyForDeploymentPostprocessing = 0;
		};
/* End PBXSourcesBuildPhase section */

/* Begin PBXTargetDependency section */
		043A0E00207C410E0022115A /* PBXTargetDependency */ = {
			isa = PBXTargetDependency;
			target = 043A0DE5207C410D0022115A /* HH-Thread */;
			targetProxy = 043A0DFF207C410E0022115A /* PBXContainerItemProxy */;
		};
		043A0E0B207C410E0022115A /* PBXTargetDependency */ = {
			isa = PBXTargetDependency;
			target = 043A0DE5207C410D0022115A /* HH-Thread */;
			targetProxy = 043A0E0A207C410E0022115A /* PBXContainerItemProxy */;
		};
/* End PBXTargetDependency section */

/* Begin PBXVariantGroup section */
		043A0DEF207C410D0022115A /* Main.storyboard */ = {
			isa = PBXVariantGroup;
			children = (
				043A0DF0207C410D0022115A /* Base */,
			);
			name = Main.storyboard;
			sourceTree = "<group>";
		};
		043A0DF4207C410D0022115A /* LaunchScreen.storyboard */ = {
			isa = PBXVariantGroup;
			children = (
				043A0DF5207C410D0022115A /* Base */,
			);
			name = LaunchScreen.storyboard;
			sourceTree = "<group>";
		};
/* End PBXVariantGroup section */

/* Begin XCBuildConfiguration section */
		043A0E10207C410E0022115A /* Debug */ = {
			isa = XCBuildConfiguration;
			buildSettings = {
				ALWAYS_SEARCH_USER_PATHS = NO;
				CLANG_ANALYZER_NONNULL = YES;
				CLANG_ANALYZER_NUMBER_OBJECT_CONVERSION = YES_AGGRESSIVE;
				CLANG_CXX_LANGUAGE_STANDARD = "gnu++14";
				CLANG_CXX_LIBRARY = "libc++";
				CLANG_ENABLE_MODULES = YES;
				CLANG_ENABLE_OBJC_ARC = YES;
				CLANG_WARN_BLOCK_CAPTURE_AUTORELEASING = YES;
				CLANG_WARN_BOOL_CONVERSION = YES;
				CLANG_WARN_COMMA = YES;
				CLANG_WARN_CONSTANT_CONVERSION = YES;
				CLANG_WARN_DIRECT_OBJC_ISA_USAGE = YES_ERROR;
				CLANG_WARN_DOCUMENTATION_COMMENTS = YES;
				CLANG_WARN_EMPTY_BODY = YES;
				CLANG_WARN_ENUM_CONVERSION = YES;
				CLANG_WARN_INFINITE_RECURSION = YES;
				CLANG_WARN_INT_CONVERSION = YES;
				CLANG_WARN_NON_LITERAL_NULL_CONVERSION = YES;
				CLANG_WARN_OBJC_LITERAL_CONVERSION = YES;
				CLANG_WARN_OBJC_ROOT_CLASS = YES_ERROR;
				CLANG_WARN_RANGE_LOOP_ANALYSIS = YES;
				CLANG_WARN_STRICT_PROTOTYPES = YES;
				CLANG_WARN_SUSPICIOUS_MOVE = YES;
				CLANG_WARN_UNGUARDED_AVAILABILITY = YES_AGGRESSIVE;
				CLANG_WARN_UNREACHABLE_CODE = YES;
				CLANG_WARN__DUPLICATE_METHOD_MATCH = YES;
				CODE_SIGN_IDENTITY = "iPhone Developer";
				COPY_PHASE_STRIP = NO;
				DEBUG_INFORMATION_FORMAT = dwarf;
				ENABLE_STRICT_OBJC_MSGSEND = YES;
				ENABLE_TESTABILITY = YES;
				GCC_C_LANGUAGE_STANDARD = gnu11;
				GCC_DYNAMIC_NO_PIC = NO;
				GCC_NO_COMMON_BLOCKS = YES;
				GCC_OPTIMIZATION_LEVEL = 0;
				GCC_PREPROCESSOR_DEFINITIONS = (
					"DEBUG=1",
					"$(inherited)",
				);
				GCC_WARN_64_TO_32_BIT_CONVERSION = YES;
				GCC_WARN_ABOUT_RETURN_TYPE = YES_ERROR;
				GCC_WARN_UNDECLARED_SELECTOR = YES;
				GCC_WARN_UNINITIALIZED_AUTOS = YES_AGGRESSIVE;
				GCC_WARN_UNUSED_FUNCTION = YES;
				GCC_WARN_UNUSED_VARIABLE = YES;
				IPHONEOS_DEPLOYMENT_TARGET = 11.2;
				MTL_ENABLE_DEBUG_INFO = YES;
				ONLY_ACTIVE_ARCH = YES;
				SDKROOT = iphoneos;
			};
			name = Debug;
		};
		043A0E11207C410E0022115A /* Release */ = {
			isa = XCBuildConfiguration;
			buildSettings = {
				ALWAYS_SEARCH_USER_PATHS = NO;
				CLANG_ANALYZER_NONNULL = YES;
				CLANG_ANALYZER_NUMBER_OBJECT_CONVERSION = YES_AGGRESSIVE;
				CLANG_CXX_LANGUAGE_STANDARD = "gnu++14";
				CLANG_CXX_LIBRARY = "libc++";
				CLANG_ENABLE_MODULES = YES;
				CLANG_ENABLE_OBJC_ARC = YES;
				CLANG_WARN_BLOCK_CAPTURE_AUTORELEASING = YES;
				CLANG_WARN_BOOL_CONVERSION = YES;
				CLANG_WARN_COMMA = YES;
				CLANG_WARN_CONSTANT_CONVERSION = YES;
				CLANG_WARN_DIRECT_OBJC_ISA_USAGE = YES_ERROR;
				CLANG_WARN_DOCUMENTATION_COMMENTS = YES;
				CLANG_WARN_EMPTY_BODY = YES;
				CLANG_WARN_ENUM_CONVERSION = YES;
				CLANG_WARN_INFINITE_RECURSION = YES;
				CLANG_WARN_INT_CONVERSION = YES;
				CLANG_WARN_NON_LITERAL_NULL_CONVERSION = YES;
				CLANG_WARN_OBJC_LITERAL_CONVERSION = YES;
				CLANG_WARN_OBJC_ROOT_CLASS = YES_ERROR;
				CLANG_WARN_RANGE_LOOP_ANALYSIS = YES;
				CLANG_WARN_STRICT_PROTOTYPES = YES;
				CLANG_WARN_SUSPICIOUS_MOVE = YES;
				CLANG_WARN_UNGUARDED_AVAILABILITY = YES_AGGRESSIVE;
				CLANG_WARN_UNREACHABLE_CODE = YES;
				CLANG_WARN__DUPLICATE_METHOD_MATCH = YES;
				CODE_SIGN_IDENTITY = "iPhone Developer";
				COPY_PHASE_STRIP = NO;
				DEBUG_INFORMATION_FORMAT = "dwarf-with-dsym";
				ENABLE_NS_ASSERTIONS = NO;
				ENABLE_STRICT_OBJC_MSGSEND = YES;
				GCC_C_LANGUAGE_STANDARD = gnu11;
				GCC_NO_COMMON_BLOCKS = YES;
				GCC_WARN_64_TO_32_BIT_CONVERSION = YES;
				GCC_WARN_ABOUT_RETURN_TYPE = YES_ERROR;
				GCC_WARN_UNDECLARED_SELECTOR = YES;
				GCC_WARN_UNINITIALIZED_AUTOS = YES_AGGRESSIVE;
				GCC_WARN_UNUSED_FUNCTION = YES;
				GCC_WARN_UNUSED_VARIABLE = YES;
				IPHONEOS_DEPLOYMENT_TARGET = 11.2;
				MTL_ENABLE_DEBUG_INFO = NO;
				SDKROOT = iphoneos;
				VALIDATE_PRODUCT = YES;
			};
			name = Release;
		};
		043A0E13207C410E0022115A /* Debug */ = {
			isa = XCBuildConfiguration;
			buildSettings = {
				ASSETCATALOG_COMPILER_APPICON_NAME = AppIcon;
				CODE_SIGN_STYLE = Automatic;
				DEVELOPMENT_TEAM = YM2MZ34492;
				INFOPLIST_FILE = "HH-Thread/Info.plist";
				IPHONEOS_DEPLOYMENT_TARGET = 10.0;
				LD_RUNPATH_SEARCH_PATHS = "$(inherited) @executable_path/Frameworks";
				PRODUCT_BUNDLE_IDENTIFIER = "Mac.HH-Thread";
				PRODUCT_NAME = "$(TARGET_NAME)";
				TARGETED_DEVICE_FAMILY = "1,2";
			};
			name = Debug;
		};
		043A0E14207C410E0022115A /* Release */ = {
			isa = XCBuildConfiguration;
			buildSettings = {
				ASSETCATALOG_COMPILER_APPICON_NAME = AppIcon;
				CODE_SIGN_STYLE = Automatic;
				DEVELOPMENT_TEAM = YM2MZ34492;
				INFOPLIST_FILE = "HH-Thread/Info.plist";
				IPHONEOS_DEPLOYMENT_TARGET = 10.0;
				LD_RUNPATH_SEARCH_PATHS = "$(inherited) @executable_path/Frameworks";
				PRODUCT_BUNDLE_IDENTIFIER = "Mac.HH-Thread";
				PRODUCT_NAME = "$(TARGET_NAME)";
				TARGETED_DEVICE_FAMILY = "1,2";
			};
			name = Release;
		};
		043A0E16207C410E0022115A /* Debug */ = {
			isa = XCBuildConfiguration;
			buildSettings = {
				BUNDLE_LOADER = "$(TEST_HOST)";
				CODE_SIGN_STYLE = Automatic;
				INFOPLIST_FILE = "HH-ThreadTests/Info.plist";
				LD_RUNPATH_SEARCH_PATHS = "$(inherited) @executable_path/Frameworks @loader_path/Frameworks";
				PRODUCT_BUNDLE_IDENTIFIER = "Mac.HH-ThreadTests";
				PRODUCT_NAME = "$(TARGET_NAME)";
				TARGETED_DEVICE_FAMILY = "1,2";
				TEST_HOST = "$(BUILT_PRODUCTS_DIR)/HH-Thread.app/HH-Thread";
			};
			name = Debug;
		};
		043A0E17207C410E0022115A /* Release */ = {
			isa = XCBuildConfiguration;
			buildSettings = {
				BUNDLE_LOADER = "$(TEST_HOST)";
				CODE_SIGN_STYLE = Automatic;
				INFOPLIST_FILE = "HH-ThreadTests/Info.plist";
				LD_RUNPATH_SEARCH_PATHS = "$(inherited) @executable_path/Frameworks @loader_path/Frameworks";
				PRODUCT_BUNDLE_IDENTIFIER = "Mac.HH-ThreadTests";
				PRODUCT_NAME = "$(TARGET_NAME)";
				TARGETED_DEVICE_FAMILY = "1,2";
				TEST_HOST = "$(BUILT_PRODUCTS_DIR)/HH-Thread.app/HH-Thread";
			};
			name = Release;
		};
		043A0E19207C410E0022115A /* Debug */ = {
			isa = XCBuildConfiguration;
			buildSettings = {
				CODE_SIGN_STYLE = Automatic;
				INFOPLIST_FILE = "HH-ThreadUITests/Info.plist";
				LD_RUNPATH_SEARCH_PATHS = "$(inherited) @executable_path/Frameworks @loader_path/Frameworks";
				PRODUCT_BUNDLE_IDENTIFIER = "Mac.HH-ThreadUITests";
				PRODUCT_NAME = "$(TARGET_NAME)";
				TARGETED_DEVICE_FAMILY = "1,2";
				TEST_TARGET_NAME = "HH-Thread";
			};
			name = Debug;
		};
		043A0E1A207C410E0022115A /* Release */ = {
			isa = XCBuildConfiguration;
			buildSettings = {
				CODE_SIGN_STYLE = Automatic;
				INFOPLIST_FILE = "HH-ThreadUITests/Info.plist";
				LD_RUNPATH_SEARCH_PATHS = "$(inherited) @executable_path/Frameworks @loader_path/Frameworks";
				PRODUCT_BUNDLE_IDENTIFIER = "Mac.HH-ThreadUITests";
				PRODUCT_NAME = "$(TARGET_NAME)";
				TARGETED_DEVICE_FAMILY = "1,2";
				TEST_TARGET_NAME = "HH-Thread";
			};
			name = Release;
		};
/* End XCBuildConfiguration section */

/* Begin XCConfigurationList section */
		043A0DE1207C410D0022115A /* Build configuration list for PBXProject "HH-Thread" */ = {
			isa = XCConfigurationList;
			buildConfigurations = (
				043A0E10207C410E0022115A /* Debug */,
				043A0E11207C410E0022115A /* Release */,
			);
			defaultConfigurationIsVisible = 0;
			defaultConfigurationName = Release;
		};
		043A0E12207C410E0022115A /* Build configuration list for PBXNativeTarget "HH-Thread" */ = {
			isa = XCConfigurationList;
			buildConfigurations = (
				043A0E13207C410E0022115A /* Debug */,
				043A0E14207C410E0022115A /* Release */,
			);
			defaultConfigurationIsVisible = 0;
			defaultConfigurationName = Release;
		};
		043A0E15207C410E0022115A /* Build configuration list for PBXNativeTarget "HH-ThreadTests" */ = {
			isa = XCConfigurationList;
			buildConfigurations = (
				043A0E16207C410E0022115A /* Debug */,
				043A0E17207C410E0022115A /* Release */,
			);
			defaultConfigurationIsVisible = 0;
			defaultConfigurationName = Release;
		};
		043A0E18207C410E0022115A /* Build configuration list for PBXNativeTarget "HH-ThreadUITests" */ = {
			isa = XCConfigurationList;
			buildConfigurations = (
				043A0E19207C410E0022115A /* Debug */,
				043A0E1A207C410E0022115A /* Release */,
			);
			defaultConfigurationIsVisible = 0;
			defaultConfigurationName = Release;
		};
/* End XCConfigurationList section */
	};
	rootObject = 043A0DDE207C410D0022115A /* Project object */;
}
